Microsoft Visual Studio Solution File, Format Version 12.00
# Visual Studio Version 16
VisualStudioVersion = 16.0.31025.194
MinimumVisualStudioVersion = 10.0.40219.1
Project("{2150E333-8FDC-42A3-9474-1A3956D46DE8}") = "src", "src", "{B76348CD-F496-4B6E-A915-82A342AA5150}"
EndProject
Project("{9A19103F-16F7-4668-BE54-9A1E7A4F7556}") = "Probas.Aliyun.LogService", "src\Probas.Aliyun.LogService\Probas.Aliyun.LogService.csproj", "{2C16DAA6-9921-426C-9BCC-8D9933E8ABF1}"
EndProject
Global
	GlobalSection(SolutionConfigurationPlatforms) = preSolution
		Debug|Any CPU = Debug|Any CPU
		Release|Any CPU = Release|Any CPU
	EndGlobalSection
	GlobalSection(ProjectConfigurationPlatforms) = postSolution
		{2C16DAA6-9921-426C-9BCC-8D9933E8ABF1}.Debug|Any CPU.ActiveCfg = Debug|Any CPU
		{2C16DAA6-9921-426C-9BCC-8D9933E8ABF1}.Debug|Any CPU.Build.0 = Debug|Any CPU
		{2C16DAA6-9921-426C-9BCC-8D9933E8ABF1}.Release|Any CPU.ActiveCfg = Release|Any CPU
		{2C16DAA6-9921-426C-9BCC-8D9933E8ABF1}.Release|Any CPU.Build.0 = Release|Any CPU
	EndGlobalSection
	GlobalSection(SolutionProperties) = preSolution
		HideSolutionNode = FALSE
	EndGlobalSection
	GlobalSection(NestedProjects) = preSolution
		{2C16DAA6-9921-426C-9BCC-8D9933E8ABF1} = {B76348CD-F496-4B6E-A915-82A342AA5150}
	EndGlobalSection
	GlobalSection(ExtensibilityGlobals) = postSolution
		SolutionGuid = {359DC436-2C44-4664-80AB-960E448E1873}
	EndGlobalSection
EndGlobal
